
Microsoft Visual Studio Solution File, Format Version 12.00
# Visual Studio 15
VisualStudioVersion = 15.0.26430.14
MinimumVisualStudioVersion = 10.0.40219.1
Project("{2150E333-8FDC-42A3-9474-1A3956D46DE8}") = "1 - UI", "1 - UI", "{E4880059-8D84-45F1-B543-244068DE89C4}"
EndProject
Project("{2150E333-8FDC-42A3-9474-1A3956D46DE8}") = "2 - Services", "2 - Services", "{FC8ACD32-3334-44E8-A723-5B381E88B5A7}"
EndProject
Project("{2150E333-8FDC-42A3-9474-1A3956D46DE8}") = "3 - Application", "3 - Application", "{54A06C5F-0CEF-47ED-B999-11C8D66BA63A}"
EndProject
Project("{2150E333-8FDC-42A3-9474-1A3956D46DE8}") = "4 - Domain", "4 - Domain", "{45227162-7EFE-4239-B25E-EED332E7E237}"
EndProject
Project("{2150E333-8FDC-42A3-9474-1A3956D46DE8}") = "5 - Infra", "5 - Infra", "{3FC96393-568E-4765-A212-81B812E415CC}"
EndProject
Project("{2150E333-8FDC-42A3-9474-1A3956D46DE8}") = "5.1 - Data", "5.1 - Data", "{D243530E-F5A0-491E-A23B-0183B6F319FF}"
EndProject
Project("{2150E333-8FDC-42A3-9474-1A3956D46DE8}") = "5.2 - CrossCuting", "5.2 - CrossCuting", "{112A7DAA-8249-4926-BBDE-04133FA5B749}"
EndProject
Project("{2150E333-8FDC-42A3-9474-1A3956D46DE8}") = "5.3 - IoC", "5.3 - IoC", "{C6C08F80-4FC5-49E4-8704-8DC0F56061E1}"
EndProject
Project("{FAE04EC0-301F-11D3-BF4B-00C04F79EFBC}") = "UFMT.SIGED.Domain", "src\UFMT.SIGED.Domain\UFMT.SIGED.Domain.csproj", "{EDB78196-4013-4A19-8E13-855F6A31EBCA}"
EndProject
Project("{FAE04EC0-301F-11D3-BF4B-00C04F79EFBC}") = "UFMT.SIGED.Infra.Data", "src\UFMT.SIGED.Infra.Data\UFMT.SIGED.Infra.Data.csproj", "{EBE6B362-CB6F-4341-A529-7B6A07B37EC5}"
EndProject
Project("{FAE04EC0-301F-11D3-BF4B-00C04F79EFBC}") = "UFMT.SIGED.Infra.CrossCuting", "src\UFMT.SIGED.Infra.CrossCuting\UFMT.SIGED.Infra.CrossCuting.csproj", "{0D7362E9-A456-413A-ADF6-A9F659E3531F}"
EndProject
Project("{FAE04EC0-301F-11D3-BF4B-00C04F79EFBC}") = "UFMT.SIGED.Infra.IoC", "src\UFMT.SIGED.Infra.IoC\UFMT.SIGED.Infra.IoC.csproj", "{379CF93C-3162-42B5-848F-92976E94A5DE}"
EndProject
Project("{FAE04EC0-301F-11D3-BF4B-00C04F79EFBC}") = "UFMT.SIGED.Application", "src\UFMT.SIGED.Application\UFMT.SIGED.Application.csproj", "{2529F47F-DE5E-40B2-BAB0-A4D63555DA05}"
EndProject
Project("{FAE04EC0-301F-11D3-BF4B-00C04F79EFBC}") = "UFMT.SIGED.Services.REST", "src\UFMT.SIGED.Services.REST\UFMT.SIGED.Services.REST.csproj", "{9F85C96D-FFA9-47A3-8110-3BFCC8BD6B59}"
EndProject
Project("{FAE04EC0-301F-11D3-BF4B-00C04F79EFBC}") = "UFMT.SIGED.UI.Web", "src\UFMT.SIGED.UI.Web\UFMT.SIGED.UI.Web.csproj", "{4ADC3CBA-E8B6-493C-8353-6C0E9C4B1411}"
EndProject
Global
	GlobalSection(SolutionConfigurationPlatforms) = preSolution
		Debug|Any CPU = Debug|Any CPU
		Release|Any CPU = Release|Any CPU
	EndGlobalSection
	GlobalSection(ProjectConfigurationPlatforms) = postSolution
		{EDB78196-4013-4A19-8E13-855F6A31EBCA}.Debug|Any CPU.ActiveCfg = Debug|Any CPU
		{EDB78196-4013-4A19-8E13-855F6A31EBCA}.Debug|Any CPU.Build.0 = Debug|Any CPU
		{EDB78196-4013-4A19-8E13-855F6A31EBCA}.Release|Any CPU.ActiveCfg = Release|Any CPU
		{EDB78196-4013-4A19-8E13-855F6A31EBCA}.Release|Any CPU.Build.0 = Release|Any CPU
		{EBE6B362-CB6F-4341-A529-7B6A07B37EC5}.Debug|Any CPU.ActiveCfg = Debug|Any CPU
		{EBE6B362-CB6F-4341-A529-7B6A07B37EC5}.Debug|Any CPU.Build.0 = Debug|Any CPU
		{EBE6B362-CB6F-4341-A529-7B6A07B37EC5}.Release|Any CPU.ActiveCfg = Release|Any CPU
		{EBE6B362-CB6F-4341-A529-7B6A07B37EC5}.Release|Any CPU.Build.0 = Release|Any CPU
		{0D7362E9-A456-413A-ADF6-A9F659E3531F}.Debug|Any CPU.ActiveCfg = Debug|Any CPU
		{0D7362E9-A456-413A-ADF6-A9F659E3531F}.Debug|Any CPU.Build.0 = Debug|Any CPU
		{0D7362E9-A456-413A-ADF6-A9F659E3531F}.Release|Any CPU.ActiveCfg = Release|Any CPU
		{0D7362E9-A456-413A-ADF6-A9F659E3531F}.Release|Any CPU.Build.0 = Release|Any CPU
		{379CF93C-3162-42B5-848F-92976E94A5DE}.Debug|Any CPU.ActiveCfg = Debug|Any CPU
		{379CF93C-3162-42B5-848F-92976E94A5DE}.Debug|Any CPU.Build.0 = Debug|Any CPU
		{379CF93C-3162-42B5-848F-92976E94A5DE}.Release|Any CPU.ActiveCfg = Release|Any CPU
		{379CF93C-3162-42B5-848F-92976E94A5DE}.Release|Any CPU.Build.0 = Release|Any CPU
		{2529F47F-DE5E-40B2-BAB0-A4D63555DA05}.Debug|Any CPU.ActiveCfg = Debug|Any CPU
		{2529F47F-DE5E-40B2-BAB0-A4D63555DA05}.Debug|Any CPU.Build.0 = Debug|Any CPU
		{2529F47F-DE5E-40B2-BAB0-A4D63555DA05}.Release|Any CPU.ActiveCfg = Release|Any CPU
		{2529F47F-DE5E-40B2-BAB0-A4D63555DA05}.Release|Any CPU.Build.0 = Release|Any CPU
		{9F85C96D-FFA9-47A3-8110-3BFCC8BD6B59}.Debug|Any CPU.ActiveCfg = Debug|Any CPU
		{9F85C96D-FFA9-47A3-8110-3BFCC8BD6B59}.Debug|Any CPU.Build.0 = Debug|Any CPU
		{9F85C96D-FFA9-47A3-8110-3BFCC8BD6B59}.Release|Any CPU.ActiveCfg = Release|Any CPU
		{9F85C96D-FFA9-47A3-8110-3BFCC8BD6B59}.Release|Any CPU.Build.0 = Release|Any CPU
		{4ADC3CBA-E8B6-493C-8353-6C0E9C4B1411}.Debug|Any CPU.ActiveCfg = Debug|Any CPU
		{4ADC3CBA-E8B6-493C-8353-6C0E9C4B1411}.Debug|Any CPU.Build.0 = Debug|Any CPU
		{4ADC3CBA-E8B6-493C-8353-6C0E9C4B1411}.Release|Any CPU.ActiveCfg = Release|Any CPU
		{4ADC3CBA-E8B6-493C-8353-6C0E9C4B1411}.Release|Any CPU.Build.0 = Release|Any CPU
	EndGlobalSection
	GlobalSection(SolutionProperties) = preSolution
		HideSolutionNode = FALSE
	EndGlobalSection
	GlobalSection(NestedProjects) = preSolution
		{D243530E-F5A0-491E-A23B-0183B6F319FF} = {3FC96393-568E-4765-A212-81B812E415CC}
		{112A7DAA-8249-4926-BBDE-04133FA5B749} = {3FC96393-568E-4765-A212-81B812E415CC}
		{C6C08F80-4FC5-49E4-8704-8DC0F56061E1} = {3FC96393-568E-4765-A212-81B812E415CC}
		{EDB78196-4013-4A19-8E13-855F6A31EBCA} = {45227162-7EFE-4239-B25E-EED332E7E237}
		{EBE6B362-CB6F-4341-A529-7B6A07B37EC5} = {D243530E-F5A0-491E-A23B-0183B6F319FF}
		{0D7362E9-A456-413A-ADF6-A9F659E3531F} = {112A7DAA-8249-4926-BBDE-04133FA5B749}
		{379CF93C-3162-42B5-848F-92976E94A5DE} = {C6C08F80-4FC5-49E4-8704-8DC0F56061E1}
		{2529F47F-DE5E-40B2-BAB0-A4D63555DA05} = {54A06C5F-0CEF-47ED-B999-11C8D66BA63A}
		{9F85C96D-FFA9-47A3-8110-3BFCC8BD6B59} = {FC8ACD32-3334-44E8-A723-5B381E88B5A7}
		{4ADC3CBA-E8B6-493C-8353-6C0E9C4B1411} = {E4880059-8D84-45F1-B543-244068DE89C4}
	EndGlobalSection
EndGlobal
